
Microsoft Visual Studio Solution File, Format Version 12.00
# Visual Studio Version 16
VisualStudioVersion = 16.0.33423.256
MinimumVisualStudioVersion = 10.0.40219.1
Project("{FAE04EC0-301F-11D3-BF4B-00C04F79EFBC}") = "Backend_Service", "Backend_Service.csproj", "{C91037A7-3EEF-4EA5-9D71-A04710495394}"
EndProject
Global
	GlobalSection(SolutionConfigurationPlatforms) = preSolution
		Debug|Any CPU = Debug|Any CPU
		Release|Any CPU = Release|Any CPU
	EndGlobalSection
	GlobalSection(ProjectConfigurationPlatforms) = postSolution
		{C91037A7-3EEF-4EA5-9D71-A04710495394}.Debug|Any CPU.ActiveCfg = Debug|Any CPU
		{C91037A7-3EEF-4EA5-9D71-A04710495394}.Debug|Any CPU.Build.0 = Debug|Any CPU
		{C91037A7-3EEF-4EA5-9D71-A04710495394}.Release|Any CPU.ActiveCfg = Release|Any CPU
		{C91037A7-3EEF-4EA5-9D71-A04710495394}.Release|Any CPU.Build.0 = Release|Any CPU
	EndGlobalSection
	GlobalSection(SolutionProperties) = preSolution
		HideSolutionNode = FALSE
	EndGlobalSection
	GlobalSection(ExtensibilityGlobals) = postSolution
		SolutionGuid = {39170C81-735D-4028-BBAA-FA4044E25E0A}
	EndGlobalSection
EndGlobal
